
Microsoft Visual Studio Solution File, Format Version 12.00
# Visual Studio Version 16
VisualStudioVersion = 16.0.30114.105
MinimumVisualStudioVersion = 10.0.40219.1
Project("{2150E333-8FDC-42A3-9474-1A3956D46DE8}") = "src", "src", "{B5BD1481-DDF5-402A-8A95-D09BD5BDE2E9}"
EndProject
Project("{FAE04EC0-301F-11D3-BF4B-00C04F79EFBC}") = "ConsumirApi.Application", "src\ConsumirApi.Application\ConsumirApi.Application.csproj", "{765C5FD4-B6F9-43D7-BA14-35B5CA030AD4}"
EndProject
Project("{FAE04EC0-301F-11D3-BF4B-00C04F79EFBC}") = "ConsumirApi.Domain", "src\ConsumirApi.Domain\ConsumirApi.Domain.csproj", "{2E14B357-44BD-49BE-A91B-2BF8F219EFE7}"
EndProject
Project("{FAE04EC0-301F-11D3-BF4B-00C04F79EFBC}") = "ConsumirApi.HttpApi", "src\ConsumirApi.HttpApi\ConsumirApi.HttpApi.csproj", "{E043A8DA-5EFE-4442-AC51-7F178D2BA6E7}"
EndProject
Global
	GlobalSection(SolutionConfigurationPlatforms) = preSolution
		Debug|Any CPU = Debug|Any CPU
		Release|Any CPU = Release|Any CPU
	EndGlobalSection
	GlobalSection(SolutionProperties) = preSolution
		HideSolutionNode = FALSE
	EndGlobalSection
	GlobalSection(ProjectConfigurationPlatforms) = postSolution
		{765C5FD4-B6F9-43D7-BA14-35B5CA030AD4}.Debug|Any CPU.ActiveCfg = Debug|Any CPU
		{765C5FD4-B6F9-43D7-BA14-35B5CA030AD4}.Debug|Any CPU.Build.0 = Debug|Any CPU
		{765C5FD4-B6F9-43D7-BA14-35B5CA030AD4}.Release|Any CPU.ActiveCfg = Release|Any CPU
		{765C5FD4-B6F9-43D7-BA14-35B5CA030AD4}.Release|Any CPU.Build.0 = Release|Any CPU
		{2E14B357-44BD-49BE-A91B-2BF8F219EFE7}.Debug|Any CPU.ActiveCfg = Debug|Any CPU
		{2E14B357-44BD-49BE-A91B-2BF8F219EFE7}.Debug|Any CPU.Build.0 = Debug|Any CPU
		{2E14B357-44BD-49BE-A91B-2BF8F219EFE7}.Release|Any CPU.ActiveCfg = Release|Any CPU
		{2E14B357-44BD-49BE-A91B-2BF8F219EFE7}.Release|Any CPU.Build.0 = Release|Any CPU
		{E043A8DA-5EFE-4442-AC51-7F178D2BA6E7}.Debug|Any CPU.ActiveCfg = Debug|Any CPU
		{E043A8DA-5EFE-4442-AC51-7F178D2BA6E7}.Debug|Any CPU.Build.0 = Debug|Any CPU
		{E043A8DA-5EFE-4442-AC51-7F178D2BA6E7}.Release|Any CPU.ActiveCfg = Release|Any CPU
		{E043A8DA-5EFE-4442-AC51-7F178D2BA6E7}.Release|Any CPU.Build.0 = Release|Any CPU
	EndGlobalSection
	GlobalSection(NestedProjects) = preSolution
		{765C5FD4-B6F9-43D7-BA14-35B5CA030AD4} = {B5BD1481-DDF5-402A-8A95-D09BD5BDE2E9}
		{2E14B357-44BD-49BE-A91B-2BF8F219EFE7} = {B5BD1481-DDF5-402A-8A95-D09BD5BDE2E9}
		{E043A8DA-5EFE-4442-AC51-7F178D2BA6E7} = {B5BD1481-DDF5-402A-8A95-D09BD5BDE2E9}
	EndGlobalSection
EndGlobal
